
Microsoft Visual Studio Solution File, Format Version 12.00
# Visual Studio 15
VisualStudioVersion = 15.0.28010.2046
MinimumVisualStudioVersion = 10.0.40219.1
Project("{FAE04EC0-301F-11D3-BF4B-00C04F79EFBC}") = "HomeWork2", "HomeWork2\HomeWork2.csproj", "{C53B5F4C-1272-42F7-BC51-CBD3C69DFD3A}"
EndProject
Global
	GlobalSection(SolutionConfigurationPlatforms) = preSolution
		Debug|Any CPU = Debug|Any CPU
		Release|Any CPU = Release|Any CPU
	EndGlobalSection
	GlobalSection(ProjectConfigurationPlatforms) = postSolution
		{C53B5F4C-1272-42F7-BC51-CBD3C69DFD3A}.Debug|Any CPU.ActiveCfg = Debug|Any CPU
		{C53B5F4C-1272-42F7-BC51-CBD3C69DFD3A}.Debug|Any CPU.Build.0 = Debug|Any CPU
		{C53B5F4C-1272-42F7-BC51-CBD3C69DFD3A}.Release|Any CPU.ActiveCfg = Release|Any CPU
		{C53B5F4C-1272-42F7-BC51-CBD3C69DFD3A}.Release|Any CPU.Build.0 = Release|Any CPU
	EndGlobalSection
	GlobalSection(SolutionProperties) = preSolution
		HideSolutionNode = FALSE
	EndGlobalSection
	GlobalSection(ExtensibilityGlobals) = postSolution
		SolutionGuid = {86618374-C24C-45D5-BD7D-E5A53B198394}
	EndGlobalSection
EndGlobal
